
Microsoft Visual Studio Solution File, Format Version 12.00
# Visual Studio 15
VisualStudioVersion = 15.0.27428.1
MinimumVisualStudioVersion = 10.0.40219.1
Project("{FAE04EC0-301F-11D3-BF4B-00C04F79EFBC}") = "Lab1_02", "Lab1_02\Lab1_02.csproj", "{99695B52-172D-445A-BBA6-EC46F428C76A}"
EndProject
Global
	GlobalSection(SolutionConfigurationPlatforms) = preSolution
		Debug|Any CPU = Debug|Any CPU
		Release|Any CPU = Release|Any CPU
	EndGlobalSection
	GlobalSection(ProjectConfigurationPlatforms) = postSolution
		{99695B52-172D-445A-BBA6-EC46F428C76A}.Debug|Any CPU.ActiveCfg = Debug|Any CPU
		{99695B52-172D-445A-BBA6-EC46F428C76A}.Debug|Any CPU.Build.0 = Debug|Any CPU
		{99695B52-172D-445A-BBA6-EC46F428C76A}.Release|Any CPU.ActiveCfg = Release|Any CPU
		{99695B52-172D-445A-BBA6-EC46F428C76A}.Release|Any CPU.Build.0 = Release|Any CPU
	EndGlobalSection
	GlobalSection(SolutionProperties) = preSolution
		HideSolutionNode = FALSE
	EndGlobalSection
	GlobalSection(ExtensibilityGlobals) = postSolution
		SolutionGuid = {5FFFB46F-DE26-4B31-946C-CBFC4FE4BF4B}
	EndGlobalSection
EndGlobal
